{
  "version": 4,
  "terraform_version": "1.3.7",
  "serial": 138,
  "lineage": "b6e46580-31ca-9578-f925-aac7d448f305",
  "outputs": {},
  "resources": [
    {
      "mode": "managed",
      "type": "google_compute_firewall",
      "name": "firewall",
      "provider": "provider[\"registry.terraform.io/hashicorp/google\"]",
      "instances": [
        {
          "schema_version": 1,
          "attributes": {
            "allow": [
              {
                "ports": [
                  "22"
                ],
                "protocol": "tcp"
              }
            ],
            "creation_timestamp": "2023-01-25T03:14:43.647-08:00",
            "deny": [],
            "description": "",
            "destination_ranges": [],
            "direction": "INGRESS",
            "disabled": false,
            "enable_logging": null,
            "id": "projects/pirate-project-374313/global/firewalls/externalssh",
            "log_config": [],
            "name": "externalssh",
            "network": "https://www.googleapis.com/compute/v1/projects/pirate-project-374313/global/networks/default",
            "priority": 1000,
            "project": "pirate-project-374313",
            "self_link": "https://www.googleapis.com/compute/v1/projects/pirate-project-374313/global/firewalls/externalssh",
            "source_ranges": [
              "0.0.0.0/0"
            ],
            "source_service_accounts": null,
            "source_tags": null,
            "target_service_accounts": null,
            "target_tags": [
              "externalssh"
            ],
            "timeouts": null
          },
          "sensitive_attributes": [],
          "private": "eyJlMmJmYjczMC1lY2FhLTExZTYtOGY4OC0zNDM2M2JjN2M0YzAiOnsiY3JlYXRlIjoxMjAwMDAwMDAwMDAwLCJkZWxldGUiOjEyMDAwMDAwMDAwMDAsInVwZGF0ZSI6MTIwMDAwMDAwMDAwMH0sInNjaGVtYV92ZXJzaW9uIjoiMSJ9"
        }
      ]
    },
    {
      "mode": "managed",
      "type": "google_compute_firewall",
      "name": "webserverrule",
      "provider": "provider[\"registry.terraform.io/hashicorp/google\"]",
      "instances": [
        {
          "schema_version": 1,
          "attributes": {
            "allow": [
              {
                "ports": [
                  "80",
                  "443"
                ],
                "protocol": "tcp"
              }
            ],
            "creation_timestamp": "2023-01-25T03:14:43.727-08:00",
            "deny": [],
            "description": "",
            "destination_ranges": [],
            "direction": "INGRESS",
            "disabled": false,
            "enable_logging": null,
            "id": "projects/pirate-project-374313/global/firewalls/webserver",
            "log_config": [],
            "name": "webserver",
            "network": "https://www.googleapis.com/compute/v1/projects/pirate-project-374313/global/networks/default",
            "priority": 1000,
            "project": "pirate-project-374313",
            "self_link": "https://www.googleapis.com/compute/v1/projects/pirate-project-374313/global/firewalls/webserver",
            "source_ranges": [
              "0.0.0.0/0"
            ],
            "source_service_accounts": null,
            "source_tags": null,
            "target_service_accounts": null,
            "target_tags": [
              "webserver"
            ],
            "timeouts": null
          },
          "sensitive_attributes": [],
          "private": "eyJlMmJmYjczMC1lY2FhLTExZTYtOGY4OC0zNDM2M2JjN2M0YzAiOnsiY3JlYXRlIjoxMjAwMDAwMDAwMDAwLCJkZWxldGUiOjEyMDAwMDAwMDAwMDAsInVwZGF0ZSI6MTIwMDAwMDAwMDAwMH0sInNjaGVtYV92ZXJzaW9uIjoiMSJ9"
        }
      ]
    },
    {
      "mode": "managed",
      "type": "google_compute_instance",
      "name": "app",
      "provider": "provider[\"registry.terraform.io/hashicorp/google\"]",
      "instances": [
        {
          "status": "tainted",
          "schema_version": 6,
          "attributes": {
            "advanced_machine_features": [],
            "allow_stopping_for_update": null,
            "attached_disk": [],
            "boot_disk": [
              {
                "auto_delete": true,
                "device_name": "persistent-disk-0",
                "disk_encryption_key_raw": "",
                "disk_encryption_key_sha256": "",
                "initialize_params": [
                  {
                    "image": "https://www.googleapis.com/compute/v1/projects/pirate-project-374313/global/images/test-na-mugika",
                    "labels": {},
                    "size": 20,
                    "type": "pd-standard"
                  }
                ],
                "kms_key_self_link": "",
                "mode": "READ_WRITE",
                "source": "https://www.googleapis.com/compute/v1/projects/pirate-project-374313/zones/europe-west6-a/disks/test1"
              }
            ],
            "can_ip_forward": false,
            "confidential_instance_config": [],
            "cpu_platform": "Intel Broadwell",
            "current_status": "RUNNING",
            "deletion_protection": false,
            "description": "",
            "desired_status": null,
            "enable_display": false,
            "guest_accelerator": [],
            "hostname": "",
            "id": "projects/pirate-project-374313/zones/europe-west6-a/instances/test1",
            "instance_id": "1061224033325724107",
            "label_fingerprint": "42WmSpB8rSM=",
            "labels": null,
            "machine_type": "e2-micro",
            "metadata": {
              "ssh-keys": "admin:ssh-rsa AAAAB3NzaC1yc2EAAAADAQABAAACAQCup3iMko/U03ak10in2QF7gv3ln4xYljiuTWf/HOmniaSE6JRmc6OKLRL6Hkee9xWzv+xl3msoN4nCSpBQEeBMzNh8Sk/wF3hatkKZZ7GFJxE9Alayx5nmSEege+42zEpHV23MVAoXnwO5hJxSM4rcRF+1g1CAMoI/mCP0GKX9Ix/OtH9Jsbw9WJ+lltg1tsslXpZiXmFemDwALrnytbKrp72rPICWL1nmrlYFW0X+3e6NJtmFhAd/7BDaBWtPst2dPbEWVkVhJWZmigikiiqhWC7LWu26jsEXM+qrM1nH4YgyCv+rbVV2dW6zCU2kZJuhk3FAsTR/5w2AwTTSQl/bdwxrv5rqPkiYRNaiE2L52QRdDnvB3X5DNjRuX9+A3lOGxnRkCTSWVC/fG1VRMr4sB4MLQdGHoXHFnSeO+3jwauCufFbln/pPA7GRVdlGCRikPLS+n9xDvcZi1+SyQFXcEL3kTLoOCrX6Hm0TZC2lhNCNI02np+mxNzeto6BUytBOLr/vHP3w/Kqwx2d8yCAZ9oN3qFjKIDqLtcRkH27vSKasQO5yKDSeoCEyxxjN5IoNtZGL4Oqi3CdXGhi6HzXDUq3y21iBGwFrHeLE9bLktcmhe7vdtCg9LalzlnUTy/hI6/cV1eQPNFXOqQ0AuynCk6x+hE1lismWkw5+hPVMOw== admin@DESKTOP-I71IHJU\r\n"
            },
            "metadata_fingerprint": "yjbPg2wy9LE=",
            "metadata_startup_script": null,
            "min_cpu_platform": "",
            "name": "test1",
            "network_interface": [
              {
                "access_config": [
                  {
                    "nat_ip": "34.65.101.79",
                    "network_tier": "PREMIUM",
                    "public_ptr_domain_name": ""
                  }
                ],
                "alias_ip_range": [],
                "ipv6_access_config": [],
                "ipv6_access_type": "",
                "name": "nic0",
                "network": "https://www.googleapis.com/compute/v1/projects/pirate-project-374313/global/networks/default",
                "network_ip": "10.172.0.39",
                "nic_type": "",
                "queue_count": 0,
                "stack_type": "IPV4_ONLY",
                "subnetwork": "https://www.googleapis.com/compute/v1/projects/pirate-project-374313/regions/europe-west6/subnetworks/default",
                "subnetwork_project": "pirate-project-374313"
              }
            ],
            "project": "pirate-project-374313",
            "reservation_affinity": [],
            "resource_policies": null,
            "scheduling": [
              {
                "automatic_restart": true,
                "instance_termination_action": "",
                "min_node_cpus": 0,
                "node_affinities": [],
                "on_host_maintenance": "MIGRATE",
                "preemptible": false,
                "provisioning_model": "STANDARD"
              }
            ],
            "scratch_disk": [],
            "self_link": "https://www.googleapis.com/compute/v1/projects/pirate-project-374313/zones/europe-west6-a/instances/test1",
            "service_account": [],
            "shielded_instance_config": [
              {
                "enable_integrity_monitoring": true,
                "enable_secure_boot": false,
                "enable_vtpm": true
              }
            ],
            "tags": [
              "externalssh",
              "webserver"
            ],
            "tags_fingerprint": "Mh9u1hBHiNA=",
            "timeouts": null,
            "zone": "europe-west6-a"
          },
          "sensitive_attributes": [],
          "private": "eyJlMmJmYjczMC1lY2FhLTExZTYtOGY4OC0zNDM2M2JjN2M0YzAiOnsiY3JlYXRlIjoxMjAwMDAwMDAwMDAwLCJkZWxldGUiOjEyMDAwMDAwMDAwMDAsInVwZGF0ZSI6MTIwMDAwMDAwMDAwMH0sInNjaGVtYV92ZXJzaW9uIjoiNiJ9"
        }
      ]
    }
  ],
  "check_results": null
}
